{
  "name": "appointment-1",
  "lockfileVersion": 3,
  "requires": true,
  "packages": {
    "": {
      "dependencies": {
        "crypto": "^1.0.1",
        "swiper": "^11.0.7",
        "swiper-react": "^1.0.0"
      }
    },
    "node_modules/crypto": {
      "version": "1.0.1",
      "resolved": "https://registry.npmjs.org/crypto/-/crypto-1.0.1.tgz",
      "integrity": "sha512-VxBKmeNcqQdiUQUW2Tzq0t377b54N2bMtXO/qiLa+6eRRmmC4qT3D4OnTGoT/U6O9aklQ/jTwbOtRMTTY8G0Ig==",
      "deprecated": "This package is no longer supported. It's now a built-in Node module. If you've depended on crypto, you should switch to the one that's built-in."
    },
    "node_modules/swiper": {
      "version": "11.0.7",
      "resolved": "https://registry.npmjs.org/swiper/-/swiper-11.0.7.tgz",
      "integrity": "sha512-cDfglW1B6uSmB6eB6pNmzDTNLmZtu5bWWa1vak0RU7fOI9qHjMzl7gVBvYSl34b0RU2N11HxxETJqQ5LeqI1cA==",
      "funding": [
        {
          "type": "patreon",
          "url": "https://www.patreon.com/swiperjs"
        },
        {
          "type": "open_collective",
          "url": "http://opencollective.com/swiper"
        }
      ],
      "engines": {
        "node": ">= 4.7.0"
      }
    },
    "node_modules/swiper-react": {
      "version": "1.0.0",
      "resolved": "https://registry.npmjs.org/swiper-react/-/swiper-react-1.0.0.tgz",
      "integrity": "sha512-IWd9GH8iqvjSzBYq5NuMPgSmVKuRRi5HIS6RUpXYYzbCFU2lfbdmRksk9Dh7VHC1HUh+gdITmI3HQ2IjSzq6bA=="
    }
  }
}
